
Microsoft Visual Studio Solution File, Format Version 12.00
# Visual Studio Version 17
VisualStudioVersion = 17.0.31903.59
MinimumVisualStudioVersion = 10.0.40219.1
Project("{2150E333-8FDC-42A3-9474-1A3956D46DE8}") = "src", "src", "{827E0CD3-B72D-47B6-A68D-7590B98EB39B}"
EndProject
Project("{FAE04EC0-301F-11D3-BF4B-00C04F79EFBC}") = "NPEduTools.Core", "src\NPEduTools.Core\NPEduTools.Core.csproj", "{6AEDE7D4-B2E8-44E1-A274-00528E294D7E}"
EndProject
Project("{FAE04EC0-301F-11D3-BF4B-00C04F79EFBC}") = "NPEduTools.Contracts", "src\NPEduTools.Contracts\NPEduTools.Contracts.csproj", "{153616A6-A8E7-432E-94E1-3D4700DB8258}"
EndProject
Project("{FAE04EC0-301F-11D3-BF4B-00C04F79EFBC}") = "NPEduTools.Integrations.ClassIsland", "src\NPEduTools.Integrations.ClassIsland\NPEduTools.Integrations.ClassIsland.csproj", "{BF359F8A-C32B-40F2-A4E5-7DA38E666D89}"
EndProject
Project("{FAE04EC0-301F-11D3-BF4B-00C04F79EFBC}") = "NPEduTools.Host", "src\NPEduTools.Host\NPEduTools.Host.csproj", "{AD8AD6B8-CE6B-4294-AC83-9B2AA6DDC5B8}"
EndProject
Project("{FAE04EC0-301F-11D3-BF4B-00C04F79EFBC}") = "NPEduTools.Cli", "src\NPEduTools.Cli\NPEduTools.Cli.csproj", "{FCF4D38E-A7FB-40D7-AC81-2A1318DCE164}"
EndProject
Project("{2150E333-8FDC-42A3-9474-1A3956D46DE8}") = "tests", "tests", "{0AB3BF05-4346-4AA6-1389-037BE0695223}"
EndProject
Project("{FAE04EC0-301F-11D3-BF4B-00C04F79EFBC}") = "NPEduTools.ClassIsland.TestPeer", "tests\NPEduTools.ClassIsland.TestPeer\NPEduTools.ClassIsland.TestPeer.csproj", "{5C68B841-D721-4931-963D-B78938E7236B}"
EndProject
Project("{FAE04EC0-301F-11D3-BF4B-00C04F79EFBC}") = "NPEduTools.Tests", "tests\NPEduTools.Tests\NPEduTools.Tests.csproj", "{2A7EEE9E-8DE1-4EE7-A4F7-D9F1B7C088FB}"
EndProject
Project("{FAE04EC0-301F-11D3-BF4B-00C04F79EFBC}") = "NPEduTools.App", "src\NPEduTools.App\NPEduTools.App.csproj", "{C1C85AB3-B73F-43A8-AC9E-3991056D6C62}"
EndProject
Project("{FAE04EC0-301F-11D3-BF4B-00C04F79EFBC}") = "NPEduTools.PowerPoint.Diagnostics", "src\NPEduTools.PowerPoint.Diagnostics\NPEduTools.PowerPoint.Diagnostics.csproj", "{4799842B-6357-4B29-82D1-8903211B461E}"
EndProject
Global
	GlobalSection(SolutionConfigurationPlatforms) = preSolution
		Debug|Any CPU = Debug|Any CPU
		Debug|x64 = Debug|x64
		Debug|x86 = Debug|x86
		Release|Any CPU = Release|Any CPU
		Release|x64 = Release|x64
		Release|x86 = Release|x86
	EndGlobalSection
	GlobalSection(ProjectConfigurationPlatforms) = postSolution
		{6AEDE7D4-B2E8-44E1-A274-00528E294D7E}.Debug|Any CPU.ActiveCfg = Debug|Any CPU
		{6AEDE7D4-B2E8-44E1-A274-00528E294D7E}.Debug|Any CPU.Build.0 = Debug|Any CPU
		{6AEDE7D4-B2E8-44E1-A274-00528E294D7E}.Debug|x64.ActiveCfg = Debug|Any CPU
		{6AEDE7D4-B2E8-44E1-A274-00528E294D7E}.Debug|x64.Build.0 = Debug|Any CPU
		{6AEDE7D4-B2E8-44E1-A274-00528E294D7E}.Debug|x86.ActiveCfg = Debug|Any CPU
		{6AEDE7D4-B2E8-44E1-A274-00528E294D7E}.Debug|x86.Build.0 = Debug|Any CPU
		{6AEDE7D4-B2E8-44E1-A274-00528E294D7E}.Release|Any CPU.ActiveCfg = Release|Any CPU
		{6AEDE7D4-B2E8-44E1-A274-00528E294D7E}.Release|Any CPU.Build.0 = Release|Any CPU
		{6AEDE7D4-B2E8-44E1-A274-00528E294D7E}.Release|x64.ActiveCfg = Release|Any CPU
		{6AEDE7D4-B2E8-44E1-A274-00528E294D7E}.Release|x64.Build.0 = Release|Any CPU
		{6AEDE7D4-B2E8-44E1-A274-00528E294D7E}.Release|x86.ActiveCfg = Release|Any CPU
		{6AEDE7D4-B2E8-44E1-A274-00528E294D7E}.Release|x86.Build.0 = Release|Any CPU
		{153616A6-A8E7-432E-94E1-3D4700DB8258}.Debug|Any CPU.ActiveCfg = Debug|Any CPU
		{153616A6-A8E7-432E-94E1-3D4700DB8258}.Debug|Any CPU.Build.0 = Debug|Any CPU
		{153616A6-A8E7-432E-94E1-3D4700DB8258}.Debug|x64.ActiveCfg = Debug|Any CPU
		{153616A6-A8E7-432E-94E1-3D4700DB8258}.Debug|x64.Build.0 = Debug|Any CPU
		{153616A6-A8E7-432E-94E1-3D4700DB8258}.Debug|x86.ActiveCfg = Debug|Any CPU
		{153616A6-A8E7-432E-94E1-3D4700DB8258}.Debug|x86.Build.0 = Debug|Any CPU
		{153616A6-A8E7-432E-94E1-3D4700DB8258}.Release|Any CPU.ActiveCfg = Release|Any CPU
		{153616A6-A8E7-432E-94E1-3D4700DB8258}.Release|Any CPU.Build.0 = Release|Any CPU
		{153616A6-A8E7-432E-94E1-3D4700DB8258}.Release|x64.ActiveCfg = Release|Any CPU
		{153616A6-A8E7-432E-94E1-3D4700DB8258}.Release|x64.Build.0 = Release|Any CPU
		{153616A6-A8E7-432E-94E1-3D4700DB8258}.Release|x86.ActiveCfg = Release|Any CPU
		{153616A6-A8E7-432E-94E1-3D4700DB8258}.Release|x86.Build.0 = Release|Any CPU
		{BF359F8A-C32B-40F2-A4E5-7DA38E666D89}.Debug|Any CPU.ActiveCfg = Debug|Any CPU
		{BF359F8A-C32B-40F2-A4E5-7DA38E666D89}.Debug|Any CPU.Build.0 = Debug|Any CPU
		{BF359F8A-C32B-40F2-A4E5-7DA38E666D89}.Debug|x64.ActiveCfg = Debug|Any CPU
		{BF359F8A-C32B-40F2-A4E5-7DA38E666D89}.Debug|x64.Build.0 = Debug|Any CPU
		{BF359F8A-C32B-40F2-A4E5-7DA38E666D89}.Debug|x86.ActiveCfg = Debug|Any CPU
		{BF359F8A-C32B-40F2-A4E5-7DA38E666D89}.Debug|x86.Build.0 = Debug|Any CPU
		{BF359F8A-C32B-40F2-A4E5-7DA38E666D89}.Release|Any CPU.ActiveCfg = Release|Any CPU
		{BF359F8A-C32B-40F2-A4E5-7DA38E666D89}.Release|Any CPU.Build.0 = Release|Any CPU
		{BF359F8A-C32B-40F2-A4E5-7DA38E666D89}.Release|x64.ActiveCfg = Release|Any CPU
		{BF359F8A-C32B-40F2-A4E5-7DA38E666D89}.Release|x64.Build.0 = Release|Any CPU
		{BF359F8A-C32B-40F2-A4E5-7DA38E666D89}.Release|x86.ActiveCfg = Release|Any CPU
		{BF359F8A-C32B-40F2-A4E5-7DA38E666D89}.Release|x86.Build.0 = Release|Any CPU
		{AD8AD6B8-CE6B-4294-AC83-9B2AA6DDC5B8}.Debug|Any CPU.ActiveCfg = Debug|Any CPU
		{AD8AD6B8-CE6B-4294-AC83-9B2AA6DDC5B8}.Debug|Any CPU.Build.0 = Debug|Any CPU
		{AD8AD6B8-CE6B-4294-AC83-9B2AA6DDC5B8}.Debug|x64.ActiveCfg = Debug|Any CPU
		{AD8AD6B8-CE6B-4294-AC83-9B2AA6DDC5B8}.Debug|x64.Build.0 = Debug|Any CPU
		{AD8AD6B8-CE6B-4294-AC83-9B2AA6DDC5B8}.Debug|x86.ActiveCfg = Debug|Any CPU
		{AD8AD6B8-CE6B-4294-AC83-9B2AA6DDC5B8}.Debug|x86.Build.0 = Debug|Any CPU
		{AD8AD6B8-CE6B-4294-AC83-9B2AA6DDC5B8}.Release|Any CPU.ActiveCfg = Release|Any CPU
		{AD8AD6B8-CE6B-4294-AC83-9B2AA6DDC5B8}.Release|Any CPU.Build.0 = Release|Any CPU
		{AD8AD6B8-CE6B-4294-AC83-9B2AA6DDC5B8}.Release|x64.ActiveCfg = Release|Any CPU
		{AD8AD6B8-CE6B-4294-AC83-9B2AA6DDC5B8}.Release|x64.Build.0 = Release|Any CPU
		{AD8AD6B8-CE6B-4294-AC83-9B2AA6DDC5B8}.Release|x86.ActiveCfg = Release|Any CPU
		{AD8AD6B8-CE6B-4294-AC83-9B2AA6DDC5B8}.Release|x86.Build.0 = Release|Any CPU
		{FCF4D38E-A7FB-40D7-AC81-2A1318DCE164}.Debug|Any CPU.ActiveCfg = Debug|Any CPU
		{FCF4D38E-A7FB-40D7-AC81-2A1318DCE164}.Debug|Any CPU.Build.0 = Debug|Any CPU
		{FCF4D38E-A7FB-40D7-AC81-2A1318DCE164}.Debug|x64.ActiveCfg = Debug|Any CPU
		{FCF4D38E-A7FB-40D7-AC81-2A1318DCE164}.Debug|x64.Build.0 = Debug|Any CPU
		{FCF4D38E-A7FB-40D7-AC81-2A1318DCE164}.Debug|x86.ActiveCfg = Debug|Any CPU
		{FCF4D38E-A7FB-40D7-AC81-2A1318DCE164}.Debug|x86.Build.0 = Debug|Any CPU
		{FCF4D38E-A7FB-40D7-AC81-2A1318DCE164}.Release|Any CPU.ActiveCfg = Release|Any CPU
		{FCF4D38E-A7FB-40D7-AC81-2A1318DCE164}.Release|Any CPU.Build.0 = Release|Any CPU
		{FCF4D38E-A7FB-40D7-AC81-2A1318DCE164}.Release|x64.ActiveCfg = Release|Any CPU
		{FCF4D38E-A7FB-40D7-AC81-2A1318DCE164}.Release|x64.Build.0 = Release|Any CPU
		{FCF4D38E-A7FB-40D7-AC81-2A1318DCE164}.Release|x86.ActiveCfg = Release|Any CPU
		{FCF4D38E-A7FB-40D7-AC81-2A1318DCE164}.Release|x86.Build.0 = Release|Any CPU
		{5C68B841-D721-4931-963D-B78938E7236B}.Debug|Any CPU.ActiveCfg = Debug|Any CPU
		{5C68B841-D721-4931-963D-B78938E7236B}.Debug|Any CPU.Build.0 = Debug|Any CPU
		{5C68B841-D721-4931-963D-B78938E7236B}.Debug|x64.ActiveCfg = Debug|Any CPU
		{5C68B841-D721-4931-963D-B78938E7236B}.Debug|x64.Build.0 = Debug|Any CPU
		{5C68B841-D721-4931-963D-B78938E7236B}.Debug|x86.ActiveCfg = Debug|Any CPU
		{5C68B841-D721-4931-963D-B78938E7236B}.Debug|x86.Build.0 = Debug|Any CPU
		{5C68B841-D721-4931-963D-B78938E7236B}.Release|Any CPU.ActiveCfg = Release|Any CPU
		{5C68B841-D721-4931-963D-B78938E7236B}.Release|Any CPU.Build.0 = Release|Any CPU
		{5C68B841-D721-4931-963D-B78938E7236B}.Release|x64.ActiveCfg = Release|Any CPU
		{5C68B841-D721-4931-963D-B78938E7236B}.Release|x64.Build.0 = Release|Any CPU
		{5C68B841-D721-4931-963D-B78938E7236B}.Release|x86.ActiveCfg = Release|Any CPU
		{5C68B841-D721-4931-963D-B78938E7236B}.Release|x86.Build.0 = Release|Any CPU
		{2A7EEE9E-8DE1-4EE7-A4F7-D9F1B7C088FB}.Debug|Any CPU.ActiveCfg = Debug|Any CPU
		{2A7EEE9E-8DE1-4EE7-A4F7-D9F1B7C088FB}.Debug|Any CPU.Build.0 = Debug|Any CPU
		{2A7EEE9E-8DE1-4EE7-A4F7-D9F1B7C088FB}.Debug|x64.ActiveCfg = Debug|Any CPU
		{2A7EEE9E-8DE1-4EE7-A4F7-D9F1B7C088FB}.Debug|x64.Build.0 = Debug|Any CPU
		{2A7EEE9E-8DE1-4EE7-A4F7-D9F1B7C088FB}.Debug|x86.ActiveCfg = Debug|Any CPU
		{2A7EEE9E-8DE1-4EE7-A4F7-D9F1B7C088FB}.Debug|x86.Build.0 = Debug|Any CPU
		{2A7EEE9E-8DE1-4EE7-A4F7-D9F1B7C088FB}.Release|Any CPU.ActiveCfg = Release|Any CPU
		{2A7EEE9E-8DE1-4EE7-A4F7-D9F1B7C088FB}.Release|Any CPU.Build.0 = Release|Any CPU
		{2A7EEE9E-8DE1-4EE7-A4F7-D9F1B7C088FB}.Release|x64.ActiveCfg = Release|Any CPU
		{2A7EEE9E-8DE1-4EE7-A4F7-D9F1B7C088FB}.Release|x64.Build.0 = Release|Any CPU
		{2A7EEE9E-8DE1-4EE7-A4F7-D9F1B7C088FB}.Release|x86.ActiveCfg = Release|Any CPU
		{2A7EEE9E-8DE1-4EE7-A4F7-D9F1B7C088FB}.Release|x86.Build.0 = Release|Any CPU
		{C1C85AB3-B73F-43A8-AC9E-3991056D6C62}.Debug|Any CPU.ActiveCfg = Debug|Any CPU
		{C1C85AB3-B73F-43A8-AC9E-3991056D6C62}.Debug|Any CPU.Build.0 = Debug|Any CPU
		{C1C85AB3-B73F-43A8-AC9E-3991056D6C62}.Debug|x64.ActiveCfg = Debug|Any CPU
		{C1C85AB3-B73F-43A8-AC9E-3991056D6C62}.Debug|x64.Build.0 = Debug|Any CPU
		{C1C85AB3-B73F-43A8-AC9E-3991056D6C62}.Debug|x86.ActiveCfg = Debug|Any CPU
		{C1C85AB3-B73F-43A8-AC9E-3991056D6C62}.Debug|x86.Build.0 = Debug|Any CPU
		{C1C85AB3-B73F-43A8-AC9E-3991056D6C62}.Release|Any CPU.ActiveCfg = Release|Any CPU
		{C1C85AB3-B73F-43A8-AC9E-3991056D6C62}.Release|Any CPU.Build.0 = Release|Any CPU
		{C1C85AB3-B73F-43A8-AC9E-3991056D6C62}.Release|x64.ActiveCfg = Release|Any CPU
		{C1C85AB3-B73F-43A8-AC9E-3991056D6C62}.Release|x64.Build.0 = Release|Any CPU
		{C1C85AB3-B73F-43A8-AC9E-3991056D6C62}.Release|x86.ActiveCfg = Release|Any CPU
		{C1C85AB3-B73F-43A8-AC9E-3991056D6C62}.Release|x86.Build.0 = Release|Any CPU
		{4799842B-6357-4B29-82D1-8903211B461E}.Debug|Any CPU.ActiveCfg = Debug|Any CPU
		{4799842B-6357-4B29-82D1-8903211B461E}.Debug|Any CPU.Build.0 = Debug|Any CPU
		{4799842B-6357-4B29-82D1-8903211B461E}.Debug|x64.ActiveCfg = Debug|Any CPU
		{4799842B-6357-4B29-82D1-8903211B461E}.Debug|x64.Build.0 = Debug|Any CPU
		{4799842B-6357-4B29-82D1-8903211B461E}.Debug|x86.ActiveCfg = Debug|Any CPU
		{4799842B-6357-4B29-82D1-8903211B461E}.Debug|x86.Build.0 = Debug|Any CPU
		{4799842B-6357-4B29-82D1-8903211B461E}.Release|Any CPU.ActiveCfg = Release|Any CPU
		{4799842B-6357-4B29-82D1-8903211B461E}.Release|Any CPU.Build.0 = Release|Any CPU
		{4799842B-6357-4B29-82D1-8903211B461E}.Release|x64.ActiveCfg = Release|Any CPU
		{4799842B-6357-4B29-82D1-8903211B461E}.Release|x64.Build.0 = Release|Any CPU
		{4799842B-6357-4B29-82D1-8903211B461E}.Release|x86.ActiveCfg = Release|Any CPU
		{4799842B-6357-4B29-82D1-8903211B461E}.Release|x86.Build.0 = Release|Any CPU
	EndGlobalSection
	GlobalSection(SolutionProperties) = preSolution
		HideSolutionNode = FALSE
	EndGlobalSection
	GlobalSection(NestedProjects) = preSolution
		{6AEDE7D4-B2E8-44E1-A274-00528E294D7E} = {827E0CD3-B72D-47B6-A68D-7590B98EB39B}
		{153616A6-A8E7-432E-94E1-3D4700DB8258} = {827E0CD3-B72D-47B6-A68D-7590B98EB39B}
		{BF359F8A-C32B-40F2-A4E5-7DA38E666D89} = {827E0CD3-B72D-47B6-A68D-7590B98EB39B}
		{AD8AD6B8-CE6B-4294-AC83-9B2AA6DDC5B8} = {827E0CD3-B72D-47B6-A68D-7590B98EB39B}
		{FCF4D38E-A7FB-40D7-AC81-2A1318DCE164} = {827E0CD3-B72D-47B6-A68D-7590B98EB39B}
		{5C68B841-D721-4931-963D-B78938E7236B} = {0AB3BF05-4346-4AA6-1389-037BE0695223}
		{2A7EEE9E-8DE1-4EE7-A4F7-D9F1B7C088FB} = {0AB3BF05-4346-4AA6-1389-037BE0695223}
		{C1C85AB3-B73F-43A8-AC9E-3991056D6C62} = {827E0CD3-B72D-47B6-A68D-7590B98EB39B}
		{4799842B-6357-4B29-82D1-8903211B461E} = {827E0CD3-B72D-47B6-A68D-7590B98EB39B}
	EndGlobalSection
EndGlobal
