{
  "version": 1,
  "dependencies": {
    "net8.0": {
      "ClassIsland.PluginSdk": {
        "type": "Direct",
        "requested": "[2.1.0.1, )",
        "resolved": "2.1.0.1",
        "contentHash": "3t26ihaCy5zK8Tl5lSYoSi1iirt6kKc6yShDjMlApN0T8oKdnuAVHgLp28ocpUy70eJthLpknDez/LB/dN/lSA==",
        "dependencies": {
          "ClassIsland.Core": "2.1.0.1"
        }
      },
      "AsyncImageLoader.Avalonia": {
        "type": "Transitive",
        "resolved": "3.3.0",
        "contentHash": "pC9dRCCuD6WO3NAX0fCxgCliYVDsdOGdxJDw7RXbHR1AW19XpAuiLSsXNkXMYCb1+qzjYuq44ZZlBssxZIKCBg==",
        "dependencies": {
          "Avalonia": "11.0.0"
        }
      },
      "Avalonia": {
        "type": "Transitive",
        "resolved": "11.3.17",
        "contentHash": "CyInPSdfighRNpso1vZfQLMNsXz1GMe+1EPbxLfnNTmu7F3uB6w/BBmvJGkCUiRyeE/HMB0SKp7DNo5AJXR78A==",
        "dependencies": {
          "Avalonia.BuildServices": "11.3.2",
          "Avalonia.Remote.Protocol": "11.3.17",
          "MicroCom.Runtime": "0.11.0"
        }
      },
      "Avalonia.Angle.Windows.Natives": {
        "type": "Transitive",
        "resolved": "2.1.25547.20250602",
        "contentHash": "ZL0VLc4s9rvNNFt19Pxm5UNAkmKNylugAwJPX9ulXZ6JWs/l6XZihPWWTyezaoNOVyEPU8YbURtW7XMAtqXH5A=="
      },
      "Avalonia.AvaloniaEdit": {
        "type": "Transitive",
        "resolved": "11.0.0",
        "contentHash": "VhTgyJIHgy2R1fi+5+E2T4Mjd5qE2EzSYI6mQNfLh4rF4b7Ue7yn7eZKNx0dHeD+WuI32Uw/HEZuA7fxFvhgpQ==",
        "dependencies": {
          "Avalonia": "11.0.0",
          "System.Collections.Immutable": "1.6.0"
        }
      },
      "Avalonia.BuildServices": {
        "type": "Transitive",
        "resolved": "11.3.2",
        "contentHash": "qHDToxto1e3hci5YqbG9n0Ty8mlp3zBUN5wT66wKqaDVzXyQ0do3EnRILd4Ke9jpvsktaPpgE0YjEk7hornryQ=="
      },
      "Avalonia.Controls.ColorPicker": {
        "type": "Transitive",
        "resolved": "11.3.17",
        "contentHash": "peRGekWf+tR9h/2hSGHAIIGix7S7G8t2GGVJXOIj/C0JFvp2L6BTu0adrc/rq2wdBkYRJrKDQyHZ9V29GdE8qg==",
        "dependencies": {
          "Avalonia": "11.3.17",
          "Avalonia.Remote.Protocol": "11.3.17"
        }
      },
      "Avalonia.Controls.DataGrid": {
        "type": "Transitive",
        "resolved": "11.2.5",
        "contentHash": "XziirhxOoHhoFyfMFpS1Ka9GrewoMPTvA9nE/70OfxREwLUxiJLJwA5N7F8+C5DpRfHVZj9zZV2WdOn4tVXSag==",
        "dependencies": {
          "Avalonia": "11.2.5",
          "Avalonia.Remote.Protocol": "11.2.5"
        }
      },
      "Avalonia.Desktop": {
        "type": "Transitive",
        "resolved": "11.3.17",
        "contentHash": "HGTZWYBe4t7Effq5CTEI7I6smoao8D1ymgTgEHgucj8O+vVI72brrNTYb/vDfBojxqzjRUcwMmU53hdf059mkw==",
        "dependencies": {
          "Avalonia": "11.3.17",
          "Avalonia.Native": "11.3.17",
          "Avalonia.Skia": "11.3.17",
          "Avalonia.Win32": "11.3.17",
          "Avalonia.X11": "11.3.17"
        }
      },
      "Avalonia.FreeDesktop": {
        "type": "Transitive",
        "resolved": "11.3.17",
        "contentHash": "soVMUGikGjjcECeAC3MLe7+g1DEyJu1a4+5wfzZc/g3fHqSXxJPo1qH/O9R4ZsnijiPaORBjf9WTVOjbDfhR3Q==",
        "dependencies": {
          "Avalonia": "11.3.17",
          "Tmds.DBus.Protocol": "0.21.3"
        }
      },
      "Avalonia.Labs.CommandManager": {
        "type": "Transitive",
        "resolved": "11.3.0",
        "contentHash": "7r58KYjR73dEJziq4uTpBvpOwjGwnGXTdMjUKDffUJh8w9TDK93No8am2HLygwDSvDI6QeU340xW2FuS9On2CQ==",
        "dependencies": {
          "Avalonia": "11.0.0"
        }
      },
      "Avalonia.Native": {
        "type": "Transitive",
        "resolved": "11.3.17",
        "contentHash": "SEsOpCOrj27NKqoPFgmMH7MfqfcY0qay2e7xuNkXU1OIpRlI3kXoJFStcw9eCFqYctRIP2eNVJ/eTAT7dZ7XkQ==",
        "dependencies": {
          "Avalonia": "11.3.17"
        }
      },
      "Avalonia.Remote.Protocol": {
        "type": "Transitive",
        "resolved": "11.3.17",
        "contentHash": "w0UZSPj2z1EjVQ7VI1i+8wO1nK+XCMMlweXFv9axHVBhRYgIuy/35sgNxbyuuldt6LGOqg2wFcYZ4jEGwfCC9A=="
      },
      "Avalonia.Skia": {
        "type": "Transitive",
        "resolved": "11.3.17",
        "contentHash": "czEQS0KNRphBKMb+fD2NYKlM1yMw2PzwXBsDDmn5OPLY3i1pZ7njv3+0M9SHrbjJa6mR3ze4ZgCWNGsI07GvHA==",
        "dependencies": {
          "Avalonia": "11.3.17",
          "HarfBuzzSharp": "8.3.1.1",
          "HarfBuzzSharp.NativeAssets.Linux": "8.3.1.1",
          "HarfBuzzSharp.NativeAssets.WebAssembly": "8.3.1.1",
          "SkiaSharp": "2.88.9",
          "SkiaSharp.NativeAssets.Linux": "2.88.9",
          "SkiaSharp.NativeAssets.WebAssembly": "2.88.9"
        }
      },
      "Avalonia.Svg": {
        "type": "Transitive",
        "resolved": "11.0.0",
        "contentHash": "XeU63iFDQA7C7y578qaULYlTJd4ksqhEwguCFuSF76cssDijgDjo4WYj2WyzU51n8LNIJ3CmijrPN81BHY4AkQ==",
        "dependencies": {
          "Avalonia": "11.0.0",
          "Svg.Model": "1.0.0"
        }
      },
      "Avalonia.Win32": {
        "type": "Transitive",
        "resolved": "11.3.17",
        "contentHash": "flO+Ncg53eeLhEsDoBFb6g2DQQMISy8NatqK2wGQfzbohOhxuCvpWWPp5F/u3z6erWjV/5b0Nwr68qdRfSvj3A==",
        "dependencies": {
          "Avalonia": "11.3.17",
          "Avalonia.Angle.Windows.Natives": "2.1.25547.20250602"
        }
      },
      "Avalonia.X11": {
        "type": "Transitive",
        "resolved": "11.3.17",
        "contentHash": "Q+9JcoxiOpfZ7gMRR6pDkvcUwrBZx3Y9WLrRRr46Vg4i3ZXj9CkzNaturMqPwIW1UChESJ7GFu5q35DoRh0ypQ==",
        "dependencies": {
          "Avalonia": "11.3.17",
          "Avalonia.FreeDesktop": "11.3.17",
          "Avalonia.Skia": "11.3.17"
        }
      },
      "ClassIsland.ColorDocument.Avalonia": {
        "type": "Transitive",
        "resolved": "11.0.3.4",
        "contentHash": "00hWSu1ejqLUITImbZ4zLIt43ugZnWw4uIKGv97jUBgQA/v/aB9FgVCj1+A2NeXh91zieFGshkSte7cgKeTdcQ==",
        "dependencies": {
          "Avalonia": "11.3.6",
          "ClassIsland.ColorTextBlock.Avalonia": "11.0.3.4"
        }
      },
      "ClassIsland.ColorTextBlock.Avalonia": {
        "type": "Transitive",
        "resolved": "11.0.3.4",
        "contentHash": "IvRac9JMxSzwplQNXk4yR1BX/XimLLgVjhwo8/P2kDBG+n2bG8uWqJ6j1cWuudQdNXr9Wky5u07qvSmTurIomw==",
        "dependencies": {
          "Avalonia": "11.3.6"
        }
      },
      "ClassIsland.Core": {
        "type": "Transitive",
        "resolved": "2.1.0.1",
        "contentHash": "tIjrxgqb41D5a/SQRoDC99CU3TR4rq6FH+t1MgbTs8Nd7diubrBitivQqANZCtWHGY4tILaLJInbbXGc2xlLVg==",
        "dependencies": {
          "AsyncImageLoader.Avalonia": "3.3.0",
          "Avalonia": "11.3.17",
          "Avalonia.Controls.ColorPicker": "11.3.17",
          "Avalonia.Desktop": "11.3.17",
          "Avalonia.Labs.CommandManager": "11.3.0",
          "ClassIsland.Markdown.Avalonia": "11.0.3.4",
          "ClassIsland.Platforms.Abstractions": "2.1.0.1",
          "ClassIsland.Shared": "2.1.0.1",
          "ClassIsland.Shared.IPC": "2.1.0.1",
          "FluentAvaloniaUI": "2.4.1",
          "Lib.Harmony.Thin": "2.4.2",
          "Microsoft.Extensions.Configuration.UserSecrets": "8.0.0",
          "Microsoft.Extensions.Hosting": "8.0.0",
          "Microsoft.Extensions.Hosting.Abstractions": "8.0.0",
          "MoonSharp": "2.0.0",
          "Octokit": "9.1.0",
          "ReactiveUI": "20.2.45",
          "SoundFlow": "1.2.1",
          "System.Text.Encoding.CodePages": "8.0.0",
          "Xaml.Behaviors": "11.3.9.5",
          "YamlDotNet": "16.3.0"
        }
      },
      "ClassIsland.Markdown.Avalonia": {
        "type": "Transitive",
        "resolved": "11.0.3.4",
        "contentHash": "q68x248kRWxPfKKhEMvp0Hr4pBD0U3zQ++zkQWUH6UBo/NbZVI24gH9KygRUvqOztsRrq0udIreNKuhbtIMVsQ==",
        "dependencies": {
          "ClassIsland.Markdown.Avalonia.Html": "11.0.3.4",
          "ClassIsland.Markdown.Avalonia.Svg": "11.0.3.4",
          "ClassIsland.Markdown.Avalonia.SyntaxHigh": "11.0.3.4",
          "ClassIsland.Markdown.Avalonia.Tight": "11.0.3.4"
        }
      },
      "ClassIsland.Markdown.Avalonia.Html": {
        "type": "Transitive",
        "resolved": "11.0.3.4",
        "contentHash": "2Fak7gbHJz7ISOQNIiS/uz1F1/XONdaTUs6PfToOCBFetKUhtlWrysPYjkfLvJB3jXokegXxQWRuC7i/0izOgQ==",
        "dependencies": {
          "Avalonia": "11.3.6",
          "ClassIsland.ColorTextBlock.Avalonia": "11.0.3.4",
          "ClassIsland.Markdown.Avalonia.SyntaxHigh": "11.0.3.4",
          "ClassIsland.Markdown.Avalonia.Tight": "11.0.3.4",
          "HtmlAgilityPack": "1.11.42"
        }
      },
      "ClassIsland.Markdown.Avalonia.Svg": {
        "type": "Transitive",
        "resolved": "11.0.3.4",
        "contentHash": "DM7PERBzTJGY+JdocVVOuzEnId5KMByBFdnuy0BaoTnvj8t97pKaety3/EIXfHXyyaP+JzMopsvOJMFGRhhzlA==",
        "dependencies": {
          "Avalonia": "11.3.6",
          "Avalonia.Svg": "11.0.0",
          "ClassIsland.Markdown.Avalonia.Tight": "11.0.3.4"
        }
      },
      "ClassIsland.Markdown.Avalonia.SyntaxHigh": {
        "type": "Transitive",
        "resolved": "11.0.3.4",
        "contentHash": "spahfsQc7U9YevbGz7bi2rw2VdA+jH1B5YrAdY6xJA3UAEA3yjpjwK/si/IiE7zBM5RU7hu0XIE+SK1y5/mhgA==",
        "dependencies": {
          "Avalonia": "11.3.6",
          "Avalonia.AvaloniaEdit": "11.0.0"
        }
      },
      "ClassIsland.Markdown.Avalonia.Tight": {
        "type": "Transitive",
        "resolved": "11.0.3.4",
        "contentHash": "gZsPq6//QGj+ji7xxEyJPeK60SDsZmTcgh5Gj0pTfhzAmEJSAz6pXXmJtJ3/FA1CxxvpAQpiGcOuFkLrm6a+QQ==",
        "dependencies": {
          "Avalonia": "11.3.6",
          "ClassIsland.ColorDocument.Avalonia": "11.0.3.4",
          "ClassIsland.ColorTextBlock.Avalonia": "11.0.3.4"
        }
      },
      "ClassIsland.Platforms.Abstractions": {
        "type": "Transitive",
        "resolved": "2.1.0.1",
        "contentHash": "dDWVWxWWQ6sfRc9tGVIaCyNbafvs4sXpygGwg5zawTXOfwl0lzYgIPYaFFaTBKGXgSeHjv8hRVPi+DemtSdHgA==",
        "dependencies": {
          "Avalonia": "11.3.17",
          "ClassIsland.Shared": "2.1.0.1"
        }
      },
      "ClassIsland.Shared": {
        "type": "Transitive",
        "resolved": "2.1.0.1",
        "contentHash": "LhOFNv6FQqP9hwa0pFe7+p4rC65PHr3dqJ4DeC6fWgjdSfGF9Lq+tFRvOzi3IqVplf14+mCrT+lk+q3MrUZwpw==",
        "dependencies": {
          "CommunityToolkit.Mvvm": "8.2.1",
          "CsesSharp": "1.0.0",
          "Google.Protobuf": "3.27.0-rc1",
          "Grpc.Net.Client": "2.71.0",
          "Microsoft.Extensions.Hosting.Abstractions": "8.0.0"
        }
      },
      "ClassIsland.Shared.IPC": {
        "type": "Transitive",
        "resolved": "2.1.0.1",
        "contentHash": "xCYdNv6uuXmFJlVEqcKPQ5LA+nmkAYAYr2bYVKB5RyndBbAoJh7j4I+Z2oybgUCayOUvy0spgFdSoyg9fwSMNQ==",
        "dependencies": {
          "ClassIsland.Shared": "2.1.0.1",
          "dotnetCampus.Ipc": "2.0.0-alpha410"
        }
      },
      "CommunityToolkit.Mvvm": {
        "type": "Transitive",
        "resolved": "8.2.1",
        "contentHash": "I24ofWVEdplxYjUez9/bljv/qb8r8Ccj6cvYXHexNBegLaD3iDy3QrzAAOYVMmfGWIXxlU1ZtECQNfU07+6hXQ=="
      },
      "CsesSharp": {
        "type": "Transitive",
        "resolved": "1.0.0",
        "contentHash": "S8JLMvi9/KFaCiCym2Hhf9T42aVPxmMMFAkVixQ+NygYEmmEl2l9Pd8KG3qGrHTACtTEABiYoO8q8us0c2Ig+g==",
        "dependencies": {
          "YamlDotNet": "16.3.0"
        }
      },
      "dotnetCampus.Ipc": {
        "type": "Transitive",
        "resolved": "2.0.0-alpha410",
        "contentHash": "cVG/L75/j3iA/qih3wDS9U3huea+hope6dDSxBbXN/U6xi03+slsLbehQePMGwBSeqtiU1Z+hoVTDr4ossqrFg==",
        "dependencies": {
          "Microsoft.CSharp": "4.7.0",
          "Newtonsoft.Json": "13.0.2",
          "System.ValueTuple": "4.5.0"
        }
      },
      "DynamicData": {
        "type": "Transitive",
        "resolved": "9.1.2",
        "contentHash": "KMomv26cewTHkHENVKEajxM4EaFJw6fwXGsrdlncq5cdJGnWBHYMTRMuu7y2vbbyb8/VdxkYHlDwZa8mupDrww==",
        "dependencies": {
          "System.Reactive": "6.0.1"
        }
      },
      "ExCSS": {
        "type": "Transitive",
        "resolved": "4.1.4",
        "contentHash": "6eMFdIazPCVfr9Gios0nCUYq3/02SewnDGvS+aCi/RWaAtoETz2fNT+H//+k0vjoDJBHXkWdVG8EkxUydxtyxA=="
      },
      "Fizzler": {
        "type": "Transitive",
        "resolved": "1.2.1",
        "contentHash": "nSudK8LeKSu7T/N/6NVZNjUniMYagfzVo8yT2XwZ9BOVbWYQH3EQ8oviuztJ7AfO8PlRDsYIWboZuzIg94hhzQ=="
      },
      "FluentAvaloniaUI": {
        "type": "Transitive",
        "resolved": "2.4.1",
        "contentHash": "UCkw7sgAFDKmQB+mniZMqabXdXNyfC8ZOOHfVme1/eP7SCQQ1y1FapJt23mNugoLiBUBo7Nd9dVizkhNJwY6yQ==",
        "dependencies": {
          "Avalonia": "11.2.5",
          "Avalonia.Controls.ColorPicker": "11.2.5",
          "Avalonia.Controls.DataGrid": "11.2.5",
          "Avalonia.Skia": "11.2.5",
          "MicroCom.Runtime": "0.11.0"
        }
      },
      "Google.Protobuf": {
        "type": "Transitive",
        "resolved": "3.27.0-rc1",
        "contentHash": "GIJzbwHeJcESJ+fQYXoJXA8JVBWb+rw46EslavyCOC+OKa1vANnyv2ejUB2MxOVcAnBp6hrSWVtcVyD3KjuXbw=="
      },
      "Grpc.Core.Api": {
        "type": "Transitive",
        "resolved": "2.71.0",
        "contentHash": "QquqUC37yxsDzd1QaDRsH2+uuznWPTS8CVE2Yzwl3CvU4geTNkolQXoVN812M2IwT6zpv3jsZRc9ExJFNFslTg=="
      },
      "Grpc.Net.Client": {
        "type": "Transitive",
        "resolved": "2.71.0",
        "contentHash": "U1vr20r5ngoT9nlb7wejF28EKN+taMhJsV9XtK9MkiepTZwnKxxiarriiMfCHuDAfPUm9XUjFMn/RIuJ4YY61w==",
        "dependencies": {
          "Grpc.Net.Common": "2.71.0",
          "Microsoft.Extensions.Logging.Abstractions": "6.0.0"
        }
      },
      "Grpc.Net.Common": {
        "type": "Transitive",
        "resolved": "2.71.0",
        "contentHash": "v0c8R97TwRYwNXlC8GyRXwYTCNufpDfUtj9la+wUrZFzVWkFJuNAltU+c0yI3zu0jl54k7en6u2WKgZgd57r2Q==",
        "dependencies": {
          "Grpc.Core.Api": "2.71.0"
        }
      },
      "HarfBuzzSharp": {
        "type": "Transitive",
        "resolved": "8.3.1.1",
        "contentHash": "tLZN66oe/uiRPTZfrCU4i8ScVGwqHNh5MHrXj0yVf4l7Mz0FhTGnQ71RGySROTmdognAs0JtluHkL41pIabWuQ==",
        "dependencies": {
          "HarfBuzzSharp.NativeAssets.Win32": "8.3.1.1",
          "HarfBuzzSharp.NativeAssets.macOS": "8.3.1.1"
        }
      },
      "HarfBuzzSharp.NativeAssets.Linux": {
        "type": "Transitive",
        "resolved": "8.3.1.1",
        "contentHash": "3EZ1mpIiKWRLL5hUYA82ZHteeDIVaEA/Z0rA/wU6tjx6crcAkJnBPwDXZugBSfo8+J3EznvRJf49uMsqYfKrHg=="
      },
      "HarfBuzzSharp.NativeAssets.macOS": {
        "type": "Transitive",
        "resolved": "8.3.1.1",
        "contentHash": "jbtCsgftcaFLCA13tVKo5iWdElJScrulLTKJre36O4YQTIlwDtPPqhRZNk+Y0vv4D1gxbscasGRucUDfS44ofQ=="
      },
      "HarfBuzzSharp.NativeAssets.WebAssembly": {
        "type": "Transitive",
        "resolved": "8.3.1.1",
        "contentHash": "loJweK2u/mH/3C2zBa0ggJlITIszOkK64HLAZB7FUT670dTg965whLFYHDQo69NmC4+d9UN0icLC9VHidXaVCA=="
      },
      "HarfBuzzSharp.NativeAssets.Win32": {
        "type": "Transitive",
        "resolved": "8.3.1.1",
        "contentHash": "UsJtQsfAJoFDZrXc4hCUfRPMqccfKZ0iumJ/upcUjz/cmsTgVFGNEL5yaJWmkqsuFYdMWbj/En5/kS4PFl9hBA=="
      },
      "HtmlAgilityPack": {
        "type": "Transitive",
        "resolved": "1.11.42",
        "contentHash": "LDc1bEfF14EY2DZzak4xvzWvbpNXK3vi1u0KQbBpLUN4+cx/VrvXhgCAMSJhSU5vz0oMfW9JZIR20vj/PkDHPA=="
      },
      "Lib.Harmony.Thin": {
        "type": "Transitive",
        "resolved": "2.4.2",
        "contentHash": "De0GI1wQ9EgimfKxdpNSU1enI0iOlFPUbCpZSpATJbwKRbE7GRmZb6JN0u3Hx6hW7n90xg6esnKJEmw6tKF/9Q==",
        "dependencies": {
          "MonoMod.Core": "1.3.3"
        }
      },
      "MicroCom.Runtime": {
        "type": "Transitive",
        "resolved": "0.11.0",
        "contentHash": "MEnrZ3UIiH40hjzMDsxrTyi8dtqB5ziv3iBeeU4bXsL/7NLSal9F1lZKpK+tfBRnUoDSdtcW3KufE4yhATOMCA=="
      },
      "Microsoft.CSharp": {
        "type": "Transitive",
        "resolved": "4.7.0",
        "contentHash": "pTj+D3uJWyN3My70i2Hqo+OXixq3Os2D1nJ2x92FFo6sk8fYS1m1WLNTs0Dc1uPaViH0YvEEwvzddQ7y4rhXmA=="
      },
      "Microsoft.Extensions.Configuration": {
        "type": "Transitive",
        "resolved": "8.0.0",
        "contentHash": "0J/9YNXTMWSZP2p2+nvl8p71zpSwokZXZuJW+VjdErkegAnFdO1XlqtA62SJtgVYHdKu3uPxJHcMR/r35HwFBA==",
        "dependencies": {
          "Microsoft.Extensions.Configuration.Abstractions": "8.0.0",
          "Microsoft.Extensions.Primitives": "8.0.0"
        }
      },
      "Microsoft.Extensions.Configuration.Abstractions": {
        "type": "Transitive",
        "resolved": "8.0.0",
        "contentHash": "3lE/iLSutpgX1CC0NOW70FJoGARRHbyKmG7dc0klnUZ9Dd9hS6N/POPWhKhMLCEuNN5nXEY5agmlFtH562vqhQ==",
        "dependencies": {
          "Microsoft.Extensions.Primitives": "8.0.0"
        }
      },
      "Microsoft.Extensions.Configuration.Binder": {
        "type": "Transitive",
        "resolved": "8.0.0",
        "contentHash": "mBMoXLsr5s1y2zOHWmKsE9veDcx8h1x/c3rz4baEdQKTeDcmQAPNbB54Pi/lhFO3K431eEq6PFbMgLaa6PHFfA==",
        "dependencies": {
          "Microsoft.Extensions.Configuration.Abstractions": "8.0.0"
        }
      },
      "Microsoft.Extensions.Configuration.CommandLine": {
        "type": "Transitive",
        "resolved": "8.0.0",
        "contentHash": "NZuZMz3Q8Z780nKX3ifV1fE7lS+6pynDHK71OfU4OZ1ItgvDOhyOC7E6z+JMZrAj63zRpwbdldYFk499t3+1dQ==",
        "dependencies": {
          "Microsoft.Extensions.Configuration": "8.0.0",
          "Microsoft.Extensions.Configuration.Abstractions": "8.0.0"
        }
      },
      "Microsoft.Extensions.Configuration.EnvironmentVariables": {
        "type": "Transitive",
        "resolved": "8.0.0",
        "contentHash": "plvZ0ZIpq+97gdPNNvhwvrEZ92kNml9hd1pe3idMA7svR0PztdzVLkoWLcRFgySYXUJc3kSM3Xw3mNFMo/bxRA==",
        "dependencies": {
          "Microsoft.Extensions.Configuration": "8.0.0",
          "Microsoft.Extensions.Configuration.Abstractions": "8.0.0"
        }
      },
      "Microsoft.Extensions.Configuration.FileExtensions": {
        "type": "Transitive",
        "resolved": "8.0.0",
        "contentHash": "McP+Lz/EKwvtCv48z0YImw+L1gi1gy5rHhNaNIY2CrjloV+XY8gydT8DjMR6zWeL13AFK+DioVpppwAuO1Gi1w==",
        "dependencies": {
          "Microsoft.Extensions.Configuration": "8.0.0",
          "Microsoft.Extensions.Configuration.Abstractions": "8.0.0",
          "Microsoft.Extensions.FileProviders.Abstractions": "8.0.0",
          "Microsoft.Extensions.FileProviders.Physical": "8.0.0",
          "Microsoft.Extensions.Primitives": "8.0.0"
        }
      },
      "Microsoft.Extensions.Configuration.Json": {
        "type": "Transitive",
        "resolved": "8.0.0",
        "contentHash": "C2wqUoh9OmRL1akaCcKSTmRU8z0kckfImG7zLNI8uyi47Lp+zd5LWAD17waPQEqCz3ioWOCrFUo+JJuoeZLOBw==",
        "dependencies": {
          "Microsoft.Extensions.Configuration": "8.0.0",
          "Microsoft.Extensions.Configuration.Abstractions": "8.0.0",
          "Microsoft.Extensions.Configuration.FileExtensions": "8.0.0",
          "Microsoft.Extensions.FileProviders.Abstractions": "8.0.0",
          "System.Text.Json": "8.0.0"
        }
      },
      "Microsoft.Extensions.Configuration.UserSecrets": {
        "type": "Transitive",
        "resolved": "8.0.0",
        "contentHash": "ihDHu2dJYQird9pl2CbdwuNDfvCZdOS0S7SPlNfhPt0B81UTT+yyZKz2pimFZGUp3AfuBRnqUCxB2SjsZKHVUw==",
        "dependencies": {
          "Microsoft.Extensions.Configuration.Abstractions": "8.0.0",
          "Microsoft.Extensions.Configuration.Json": "8.0.0",
          "Microsoft.Extensions.FileProviders.Abstractions": "8.0.0",
          "Microsoft.Extensions.FileProviders.Physical": "8.0.0"
        }
      },
      "Microsoft.Extensions.DependencyInjection": {
        "type": "Transitive",
        "resolved": "8.0.0",
        "contentHash": "V8S3bsm50ig6JSyrbcJJ8bW2b9QLGouz+G1miK3UTaOWmMtFwNNNzUf4AleyDWUmTrWMLNnFSLEQtxmxgNQnNQ==",
        "dependencies": {
          "Microsoft.Extensions.DependencyInjection.Abstractions": "8.0.0"
        }
      },
      "Microsoft.Extensions.DependencyInjection.Abstractions": {
        "type": "Transitive",
        "resolved": "8.0.0",
        "contentHash": "cjWrLkJXK0rs4zofsK4bSdg+jhDLTaxrkXu4gS6Y7MAlCvRyNNgwY/lJi5RDlQOnSZweHqoyvgvbdvQsRIW+hg=="
      },
      "Microsoft.Extensions.Diagnostics": {
        "type": "Transitive",
        "resolved": "8.0.0",
        "contentHash": "3PZp/YSkIXrF7QK7PfC1bkyRYwqOHpWFad8Qx+4wkuumAeXo1NHaxpS9LboNA9OvNSAu+QOVlXbMyoY+pHSqcw==",
        "dependencies": {
          "Microsoft.Extensions.Configuration": "8.0.0",
          "Microsoft.Extensions.Diagnostics.Abstractions": "8.0.0",
          "Microsoft.Extensions.Options.ConfigurationExtensions": "8.0.0"
        }
      },
      "Microsoft.Extensions.Diagnostics.Abstractions": {
        "type": "Transitive",
        "resolved": "8.0.0",
        "contentHash": "JHYCQG7HmugNYUhOl368g+NMxYE/N/AiclCYRNlgCY9eVyiBkOHMwK4x60RYMxv9EL3+rmj1mqHvdCiPpC+D4Q==",
        "dependencies": {
          "Microsoft.Extensions.DependencyInjection.Abstractions": "8.0.0",
          "Microsoft.Extensions.Options": "8.0.0",
          "System.Diagnostics.DiagnosticSource": "8.0.0"
        }
      },
      "Microsoft.Extensions.FileProviders.Abstractions": {
        "type": "Transitive",
        "resolved": "8.0.0",
        "contentHash": "ZbaMlhJlpisjuWbvXr4LdAst/1XxH3vZ6A0BsgTphZ2L4PGuxRLz7Jr/S7mkAAnOn78Vu0fKhEgNF5JO3zfjqQ==",
        "dependencies": {
          "Microsoft.Extensions.Primitives": "8.0.0"
        }
      },
      "Microsoft.Extensions.FileProviders.Physical": {
        "type": "Transitive",
        "resolved": "8.0.0",
        "contentHash": "UboiXxpPUpwulHvIAVE36Knq0VSHaAmfrFkegLyBZeaADuKezJ/AIXYAW8F5GBlGk/VaibN2k/Zn1ca8YAfVdA==",
        "dependencies": {
          "Microsoft.Extensions.FileProviders.Abstractions": "8.0.0",
          "Microsoft.Extensions.FileSystemGlobbing": "8.0.0",
          "Microsoft.Extensions.Primitives": "8.0.0"
        }
      },
      "Microsoft.Extensions.FileSystemGlobbing": {
        "type": "Transitive",
        "resolved": "8.0.0",
        "contentHash": "OK+670i7esqlQrPjdIKRbsyMCe9g5kSLpRRQGSr4Q58AOYEe/hCnfLZprh7viNisSUUQZmMrbbuDaIrP+V1ebQ=="
      },
      "Microsoft.Extensions.Hosting": {
        "type": "Transitive",
        "resolved": "8.0.0",
        "contentHash": "ItYHpdqVp5/oFLT5QqbopnkKlyFG9EW/9nhM6/yfObeKt6Su0wkBio6AizgRHGNwhJuAtlE5VIjow5JOTrip6w==",
        "dependencies": {
          "Microsoft.Extensions.Configuration": "8.0.0",
          "Microsoft.Extensions.Configuration.Abstractions": "8.0.0",
          "Microsoft.Extensions.Configuration.Binder": "8.0.0",
          "Microsoft.Extensions.Configuration.CommandLine": "8.0.0",
          "Microsoft.Extensions.Configuration.EnvironmentVariables": "8.0.0",
          "Microsoft.Extensions.Configuration.FileExtensions": "8.0.0",
          "Microsoft.Extensions.Configuration.Json": "8.0.0",
          "Microsoft.Extensions.Configuration.UserSecrets": "8.0.0",
          "Microsoft.Extensions.DependencyInjection": "8.0.0",
          "Microsoft.Extensions.DependencyInjection.Abstractions": "8.0.0",
          "Microsoft.Extensions.Diagnostics": "8.0.0",
          "Microsoft.Extensions.FileProviders.Abstractions": "8.0.0",
          "Microsoft.Extensions.FileProviders.Physical": "8.0.0",
          "Microsoft.Extensions.Hosting.Abstractions": "8.0.0",
          "Microsoft.Extensions.Logging": "8.0.0",
          "Microsoft.Extensions.Logging.Abstractions": "8.0.0",
          "Microsoft.Extensions.Logging.Configuration": "8.0.0",
          "Microsoft.Extensions.Logging.Console": "8.0.0",
          "Microsoft.Extensions.Logging.Debug": "8.0.0",
          "Microsoft.Extensions.Logging.EventLog": "8.0.0",
          "Microsoft.Extensions.Logging.EventSource": "8.0.0",
          "Microsoft.Extensions.Options": "8.0.0"
        }
      },
      "Microsoft.Extensions.Hosting.Abstractions": {
        "type": "Transitive",
        "resolved": "8.0.0",
        "contentHash": "AG7HWwVRdCHlaA++1oKDxLsXIBxmDpMPb3VoyOoAghEWnkUvEAdYQUwnV4jJbAaa/nMYNiEh5ByoLauZBEiovg==",
        "dependencies": {
          "Microsoft.Extensions.Configuration.Abstractions": "8.0.0",
          "Microsoft.Extensions.DependencyInjection.Abstractions": "8.0.0",
          "Microsoft.Extensions.Diagnostics.Abstractions": "8.0.0",
          "Microsoft.Extensions.FileProviders.Abstractions": "8.0.0",
          "Microsoft.Extensions.Logging.Abstractions": "8.0.0"
        }
      },
      "Microsoft.Extensions.Logging": {
        "type": "Transitive",
        "resolved": "8.0.0",
        "contentHash": "tvRkov9tAJ3xP51LCv3FJ2zINmv1P8Hi8lhhtcKGqM+ImiTCC84uOPEI4z8Cdq2C3o9e+Aa0Gw0rmrsJD77W+w==",
        "dependencies": {
          "Microsoft.Extensions.DependencyInjection": "8.0.0",
          "Microsoft.Extensions.Logging.Abstractions": "8.0.0",
          "Microsoft.Extensions.Options": "8.0.0"
        }
      },
      "Microsoft.Extensions.Logging.Abstractions": {
        "type": "Transitive",
        "resolved": "8.0.0",
        "contentHash": "arDBqTgFCyS0EvRV7O3MZturChstm50OJ0y9bDJvAcmEPJm0FFpFyjU/JLYyStNGGey081DvnQYlncNX5SJJGA==",
        "dependencies": {
          "Microsoft.Extensions.DependencyInjection.Abstractions": "8.0.0"
        }
      },
      "Microsoft.Extensions.Logging.Configuration": {
        "type": "Transitive",
        "resolved": "8.0.0",
        "contentHash": "ixXXV0G/12g6MXK65TLngYN9V5hQQRuV+fZi882WIoVJT7h5JvoYoxTEwCgdqwLjSneqh1O+66gM8sMr9z/rsQ==",
        "dependencies": {
          "Microsoft.Extensions.Configuration": "8.0.0",
          "Microsoft.Extensions.Configuration.Abstractions": "8.0.0",
          "Microsoft.Extensions.Configuration.Binder": "8.0.0",
          "Microsoft.Extensions.DependencyInjection.Abstractions": "8.0.0",
          "Microsoft.Extensions.Logging": "8.0.0",
          "Microsoft.Extensions.Logging.Abstractions": "8.0.0",
          "Microsoft.Extensions.Options": "8.0.0",
          "Microsoft.Extensions.Options.ConfigurationExtensions": "8.0.0"
        }
      },
      "Microsoft.Extensions.Logging.Console": {
        "type": "Transitive",
        "resolved": "8.0.0",
        "contentHash": "e+48o7DztoYog+PY430lPxrM4mm3PbA6qucvQtUDDwVo4MO+ejMw7YGc/o2rnxbxj4isPxdfKFzTxvXMwAz83A==",
        "dependencies": {
          "Microsoft.Extensions.DependencyInjection.Abstractions": "8.0.0",
          "Microsoft.Extensions.Logging": "8.0.0",
          "Microsoft.Extensions.Logging.Abstractions": "8.0.0",
          "Microsoft.Extensions.Logging.Configuration": "8.0.0",
          "Microsoft.Extensions.Options": "8.0.0",
          "System.Text.Json": "8.0.0"
        }
      },
      "Microsoft.Extensions.Logging.Debug": {
        "type": "Transitive",
        "resolved": "8.0.0",
        "contentHash": "dt0x21qBdudHLW/bjMJpkixv858RRr8eSomgVbU8qljOyfrfDGi1JQvpF9w8S7ziRPtRKisuWaOwFxJM82GxeA==",
        "dependencies": {
          "Microsoft.Extensions.DependencyInjection.Abstractions": "8.0.0",
          "Microsoft.Extensions.Logging": "8.0.0",
          "Microsoft.Extensions.Logging.Abstractions": "8.0.0"
        }
      },
      "Microsoft.Extensions.Logging.EventLog": {
        "type": "Transitive",
        "resolved": "8.0.0",
        "contentHash": "3X9D3sl7EmOu7vQp5MJrmIJBl5XSdOhZPYXUeFfYa6Nnm9+tok8x3t3IVPLhm7UJtPOU61ohFchw8rNm9tIYOQ==",
        "dependencies": {
          "Microsoft.Extensions.DependencyInjection.Abstractions": "8.0.0",
          "Microsoft.Extensions.Logging": "8.0.0",
          "Microsoft.Extensions.Logging.Abstractions": "8.0.0",
          "Microsoft.Extensions.Options": "8.0.0",
          "System.Diagnostics.EventLog": "8.0.0"
        }
      },
      "Microsoft.Extensions.Logging.EventSource": {
        "type": "Transitive",
        "resolved": "8.0.0",
        "contentHash": "oKcPMrw+luz2DUAKhwFXrmFikZWnyc8l2RKoQwqU3KIZZjcfoJE0zRHAnqATfhRZhtcbjl/QkiY2Xjxp0xu+6w==",
        "dependencies": {
          "Microsoft.Extensions.DependencyInjection.Abstractions": "8.0.0",
          "Microsoft.Extensions.Logging": "8.0.0",
          "Microsoft.Extensions.Logging.Abstractions": "8.0.0",
          "Microsoft.Extensions.Options": "8.0.0",
          "Microsoft.Extensions.Primitives": "8.0.0",
          "System.Text.Json": "8.0.0"
        }
      },
      "Microsoft.Extensions.Options": {
        "type": "Transitive",
        "resolved": "8.0.0",
        "contentHash": "JOVOfqpnqlVLUzINQ2fox8evY2SKLYJ3BV8QDe/Jyp21u1T7r45x/R/5QdteURMR5r01GxeJSBBUOCOyaNXA3g==",
        "dependencies": {
          "Microsoft.Extensions.DependencyInjection.Abstractions": "8.0.0",
          "Microsoft.Extensions.Primitives": "8.0.0"
        }
      },
      "Microsoft.Extensions.Options.ConfigurationExtensions": {
        "type": "Transitive",
        "resolved": "8.0.0",
        "contentHash": "0f4DMRqEd50zQh+UyJc+/HiBsZ3vhAQALgdkcQEalSH1L2isdC7Yj54M3cyo5e+BeO5fcBQ7Dxly8XiBBcvRgw==",
        "dependencies": {
          "Microsoft.Extensions.Configuration.Abstractions": "8.0.0",
          "Microsoft.Extensions.Configuration.Binder": "8.0.0",
          "Microsoft.Extensions.DependencyInjection.Abstractions": "8.0.0",
          "Microsoft.Extensions.Options": "8.0.0",
          "Microsoft.Extensions.Primitives": "8.0.0"
        }
      },
      "Microsoft.Extensions.Primitives": {
        "type": "Transitive",
        "resolved": "8.0.0",
        "contentHash": "bXJEZrW9ny8vjMF1JV253WeLhpEVzFo1lyaZu1vQ4ZxWUlVvknZ/+ftFgVheLubb4eZPSwwxBeqS1JkCOjxd8g=="
      },
      "Microsoft.NETCore.Platforms": {
        "type": "Transitive",
        "resolved": "1.1.0",
        "contentHash": "kz0PEW2lhqygehI/d6XsPCQzD7ff7gUJaVGPVETX611eadGsA3A877GdSlU0LRVMCTH/+P3o2iDTak+S08V2+A=="
      },
      "Microsoft.NETCore.Targets": {
        "type": "Transitive",
        "resolved": "1.1.0",
        "contentHash": "aOZA3BWfz9RXjpzt0sRJJMjAscAUm3Hoa4UWAfceV9UTYxgwZ1lZt5nO2myFf+/jetYQo4uTP7zS8sJY67BBxg=="
      },
      "Mono.Cecil": {
        "type": "Transitive",
        "resolved": "0.11.6",
        "contentHash": "f33RkDtZO8VlGXCtmQIviOtxgnUdym9xx/b1p9h91CRGOsJFxCFOFK1FDbVt1OCf1aWwYejUFa2MOQyFWTFjbA=="
      },
      "MonoMod.Backports": {
        "type": "Transitive",
        "resolved": "1.1.2",
        "contentHash": "baYlNy8n8kmaNhNvqmZ/dIPOeO1r9//dG1i2WbunMWtWZ2EKtIgmXaS+ZzphzTsikkGnoD4Jwr5g0TVdpDjgpw==",
        "dependencies": {
          "MonoMod.ILHelpers": "1.1.0"
        }
      },
      "MonoMod.Core": {
        "type": "Transitive",
        "resolved": "1.3.3",
        "contentHash": "ihX8QeutQcN5DfRGci8Vn3cXWj+gCyBpl5nofDDk1A1ycVxDtcMT8WYpjCd6PXunHXiDT81yhOSrC+cQiNDEWg==",
        "dependencies": {
          "Mono.Cecil": "0.11.6",
          "MonoMod.Backports": "1.1.2",
          "MonoMod.ILHelpers": "1.1.0",
          "MonoMod.Utils": "25.0.11"
        }
      },
      "MonoMod.ILHelpers": {
        "type": "Transitive",
        "resolved": "1.1.0",
        "contentHash": "L2FWjhTrv7tcIxshfZ+M3OcaNr4cNw0IwiVZEgwqRnZ5QAN3+RrNJ8ZwCzwXUWyPDqooJxMcjjg8PsSYUiNBjQ=="
      },
      "MonoMod.Utils": {
        "type": "Transitive",
        "resolved": "25.0.11",
        "contentHash": "RBbGIxk3fIIQIL4ERCZSIwW9BXBCG4HCCHgGJ/QIhwkTpF6Edxu0dLPJi/Efhx4qYkuWEJdhlA3q41GCNUZL5g==",
        "dependencies": {
          "Mono.Cecil": "0.11.6",
          "MonoMod.Backports": "1.1.2",
          "MonoMod.ILHelpers": "1.1.0"
        }
      },
      "MoonSharp": {
        "type": "Transitive",
        "resolved": "2.0.0",
        "contentHash": "uiAcRh7d+53k3xW9pFDJfAFVw4RnjHVCJG05M3oPAVEVwPtFavhg1H/IpC6So4X1j9kJlzuLlA3OghhPcIvc5A=="
      },
      "Newtonsoft.Json": {
        "type": "Transitive",
        "resolved": "13.0.2",
        "contentHash": "R2pZ3B0UjeyHShm9vG+Tu0EBb2lC8b0dFzV9gVn50ofHXh9Smjk6kTn7A/FdAsC8B5cKib1OnGYOXxRBz5XQDg=="
      },
      "Octokit": {
        "type": "Transitive",
        "resolved": "9.1.0",
        "contentHash": "aIxATAhMWn3IquZsoho8yK12MDU81YhexLWLGDoCp1vhJP7Z23Pu5JBEkNaTIkl9KqALJPqGLN1an7YfA7BhvA=="
      },
      "ReactiveUI": {
        "type": "Transitive",
        "resolved": "20.2.45",
        "contentHash": "1wyThKtWNi0naldJBYcKcZWib2POzS+fVX28apHGTAl+Gd5iLzoDSlItvC22Yiy+hc8TB7KnkW47kofuXmBhmg==",
        "dependencies": {
          "DynamicData": "9.1.2",
          "Splat": "15.3.1",
          "System.ComponentModel.Annotations": "5.0.0",
          "System.Text.Json": "9.0.2"
        }
      },
      "ShimSkiaSharp": {
        "type": "Transitive",
        "resolved": "1.0.0",
        "contentHash": "aO0ERDXKTcGGkxY3V+yp+gkx/dtlyMVS5jMe2S3ajvsSHvlB3IQJHSCvOjoYJRjnf9mMXTIUL5EDKM/yqZ2E3A=="
      },
      "SkiaSharp": {
        "type": "Transitive",
        "resolved": "2.88.9",
        "contentHash": "3MD5VHjXXieSHCleRLuaTXmL2pD0mB7CcOB1x2kA1I4bhptf4e3R27iM93264ZYuAq6mkUyX5XbcxnZvMJYc1Q==",
        "dependencies": {
          "SkiaSharp.NativeAssets.Win32": "2.88.9",
          "SkiaSharp.NativeAssets.macOS": "2.88.9"
        }
      },
      "SkiaSharp.NativeAssets.Linux": {
        "type": "Transitive",
        "resolved": "2.88.9",
        "contentHash": "cWSaJKVPWAaT/WIn9c8T5uT/l4ETwHxNJTkEOtNKjphNo8AW6TF9O32aRkxqw3l8GUdUo66Bu7EiqtFh/XG0Zg==",
        "dependencies": {
          "SkiaSharp": "2.88.9"
        }
      },
      "SkiaSharp.NativeAssets.macOS": {
        "type": "Transitive",
        "resolved": "2.88.9",
        "contentHash": "Nv5spmKc4505Ep7oUoJ5vp3KweFpeNqxpyGDWyeEPTX2uR6S6syXIm3gj75dM0YJz7NPvcix48mR5laqs8dPuA=="
      },
      "SkiaSharp.NativeAssets.WebAssembly": {
        "type": "Transitive",
        "resolved": "2.88.9",
        "contentHash": "kt06RccBHSnAs2wDYdBSfsjIDbY3EpsOVqnlDgKdgvyuRA8ZFDaHRdWNx1VHjGgYzmnFCGiTJBnXFl5BqGwGnA=="
      },
      "SkiaSharp.NativeAssets.Win32": {
        "type": "Transitive",
        "resolved": "2.88.9",
        "contentHash": "wb2kYgU7iy84nQLYZwMeJXixvK++GoIuECjU4ECaUKNuflyRlJKyiRhN1MAHswvlvzuvkrjRWlK0Za6+kYQK7w=="
      },
      "SoundFlow": {
        "type": "Transitive",
        "resolved": "1.2.1",
        "contentHash": "0ul16XQK10pAuqRah1nRoqJNlgB5sp/UpB9rYn9/FN2/cJ26G1RA/vzjeEIXHTOY9f4cc6VvzBdIzyILLYpGPg=="
      },
      "Splat": {
        "type": "Transitive",
        "resolved": "15.3.1",
        "contentHash": "zyu98Mwp8gTi3MlS6EGtvcacmw5W/qA4/h/DVeZ28A1dR6mcM628ujHck6LK5SM6LwroR5LzBonWgeFtwo2Afg=="
      },
      "Svg.Custom": {
        "type": "Transitive",
        "resolved": "1.0.0",
        "contentHash": "WN55shnYAO2idEBWh6yyER55F5ov1kaGxBqM2EI7fVoeJS8zyZvVadOoPz+PUu94QTIJ3dk5zFtEELSd7UeDcw==",
        "dependencies": {
          "ExCSS": "4.1.4",
          "Fizzler": "1.2.1",
          "System.Memory": "4.5.4",
          "System.ObjectModel": "4.3.0",
          "System.ValueTuple": "4.5.0"
        }
      },
      "Svg.Model": {
        "type": "Transitive",
        "resolved": "1.0.0",
        "contentHash": "XyGTU2W4GZQ8lIRI/UWI0QftNvsLjnfOA1YDhZd8CwHmLBbFqjliLajryArFy0ZetlyC13v5D/+ZoObR/NS3qA==",
        "dependencies": {
          "ShimSkiaSharp": "1.0.0",
          "Svg.Custom": "1.0.0"
        }
      },
      "System.Collections": {
        "type": "Transitive",
        "resolved": "4.3.0",
        "contentHash": "3Dcj85/TBdVpL5Zr+gEEBUuFe2icOnLalmEh9hfck1PTYbbyWuZgh4fmm2ysCLTrqLQw6t3TgTyJ+VLp+Qb+Lw==",
        "dependencies": {
          "Microsoft.NETCore.Platforms": "1.1.0",
          "Microsoft.NETCore.Targets": "1.1.0",
          "System.Runtime": "4.3.0"
        }
      },
      "System.Collections.Immutable": {
        "type": "Transitive",
        "resolved": "1.6.0",
        "contentHash": "+aL946rTSJyo4PqstwsVZ5RBfaxfkIx+nTMfpmaxzorqgifRJwndBZhXPWNWGJpys7cQ1/vCvilYN9ugM05JFA=="
      },
      "System.ComponentModel.Annotations": {
        "type": "Transitive",
        "resolved": "5.0.0",
        "contentHash": "dMkqfy2el8A8/I76n2Hi1oBFEbG1SfxD2l5nhwXV3XjlnOmwxJlQbYpJH4W51odnU9sARCSAgv7S3CyAFMkpYg=="
      },
      "System.Diagnostics.Debug": {
        "type": "Transitive",
        "resolved": "4.3.0",
        "contentHash": "ZUhUOdqmaG5Jk3Xdb8xi5kIyQYAA4PnTNlHx1mu9ZY3qv4ELIdKbnL/akbGaKi2RnNUWaZsAs31rvzFdewTj2g==",
        "dependencies": {
          "Microsoft.NETCore.Platforms": "1.1.0",
          "Microsoft.NETCore.Targets": "1.1.0",
          "System.Runtime": "4.3.0"
        }
      },
      "System.Diagnostics.DiagnosticSource": {
        "type": "Transitive",
        "resolved": "8.0.0",
        "contentHash": "c9xLpVz6PL9lp/djOWtk5KPDZq3cSYpmXoJQY524EOtuFl5z9ZtsotpsyrDW40U1DRnQSYvcPKEUV0X//u6gkQ=="
      },
      "System.Diagnostics.EventLog": {
        "type": "Transitive",
        "resolved": "8.0.0",
        "contentHash": "fdYxcRjQqTTacKId/2IECojlDSFvp7LP5N78+0z/xH7v/Tuw5ZAxu23Y6PTCRinqyu2ePx+Gn1098NC6jM6d+A=="
      },
      "System.Globalization": {
        "type": "Transitive",
        "resolved": "4.3.0",
        "contentHash": "kYdVd2f2PAdFGblzFswE4hkNANJBKRmsfa2X5LG2AcWE1c7/4t0pYae1L8vfZ5xvE2nK/R9JprtToA61OSHWIg==",
        "dependencies": {
          "Microsoft.NETCore.Platforms": "1.1.0",
          "Microsoft.NETCore.Targets": "1.1.0",
          "System.Runtime": "4.3.0"
        }
      },
      "System.IO": {
        "type": "Transitive",
        "resolved": "4.3.0",
        "contentHash": "3qjaHvxQPDpSOYICjUoTsmoq5u6QJAFRUITgeT/4gqkF1bajbSmb1kwSxEA8AHlofqgcKJcM8udgieRNhaJ5Cg==",
        "dependencies": {
          "Microsoft.NETCore.Platforms": "1.1.0",
          "Microsoft.NETCore.Targets": "1.1.0",
          "System.Runtime": "4.3.0",
          "System.Text.Encoding": "4.3.0",
          "System.Threading.Tasks": "4.3.0"
        }
      },
      "System.IO.Pipelines": {
        "type": "Transitive",
        "resolved": "9.0.2",
        "contentHash": "UIBaK7c/A3FyQxmX/747xw4rCUkm1BhNiVU617U5jweNJssNjLJkPUGhBsrlDG0BpKWCYKsncD+Kqpy4KmvZZQ=="
      },
      "System.Memory": {
        "type": "Transitive",
        "resolved": "4.5.4",
        "contentHash": "1MbJTHS1lZ4bS4FmsJjnuGJOu88ZzTT2rLvrhW7Ygic+pC0NWA+3hgAen0HRdsocuQXCkUTdFn9yHJJhsijDXw=="
      },
      "System.ObjectModel": {
        "type": "Transitive",
        "resolved": "4.3.0",
        "contentHash": "bdX+80eKv9bN6K4N+d77OankKHGn6CH711a6fcOpMQu2Fckp/Ft4L/kW9WznHpyR0NRAvJutzOMHNNlBGvxQzQ==",
        "dependencies": {
          "System.Collections": "4.3.0",
          "System.Diagnostics.Debug": "4.3.0",
          "System.Resources.ResourceManager": "4.3.0",
          "System.Runtime": "4.3.0",
          "System.Threading": "4.3.0"
        }
      },
      "System.Reactive": {
        "type": "Transitive",
        "resolved": "6.0.1",
        "contentHash": "rHaWtKDwCi9qJ3ObKo8LHPMuuwv33YbmQi7TcUK1C264V3MFnOr5Im7QgCTdLniztP3GJyeiSg5x8NqYJFqRmg=="
      },
      "System.Reflection": {
        "type": "Transitive",
        "resolved": "4.3.0",
        "contentHash": "KMiAFoW7MfJGa9nDFNcfu+FpEdiHpWgTcS2HdMpDvt9saK3y/G4GwprPyzqjFH9NTaGPQeWNHU+iDlDILj96aQ==",
        "dependencies": {
          "Microsoft.NETCore.Platforms": "1.1.0",
          "Microsoft.NETCore.Targets": "1.1.0",
          "System.IO": "4.3.0",
          "System.Reflection.Primitives": "4.3.0",
          "System.Runtime": "4.3.0"
        }
      },
      "System.Reflection.Primitives": {
        "type": "Transitive",
        "resolved": "4.3.0",
        "contentHash": "5RXItQz5As4xN2/YUDxdpsEkMhvw3e6aNveFXUn4Hl/udNTCNhnKp8lT9fnc3MhvGKh1baak5CovpuQUXHAlIA==",
        "dependencies": {
          "Microsoft.NETCore.Platforms": "1.1.0",
          "Microsoft.NETCore.Targets": "1.1.0",
          "System.Runtime": "4.3.0"
        }
      },
      "System.Resources.ResourceManager": {
        "type": "Transitive",
        "resolved": "4.3.0",
        "contentHash": "/zrcPkkWdZmI4F92gL/TPumP98AVDu/Wxr3CSJGQQ+XN6wbRZcyfSKVoPo17ilb3iOr0cCRqJInGwNMolqhS8A==",
        "dependencies": {
          "Microsoft.NETCore.Platforms": "1.1.0",
          "Microsoft.NETCore.Targets": "1.1.0",
          "System.Globalization": "4.3.0",
          "System.Reflection": "4.3.0",
          "System.Runtime": "4.3.0"
        }
      },
      "System.Runtime": {
        "type": "Transitive",
        "resolved": "4.3.0",
        "contentHash": "JufQi0vPQ0xGnAczR13AUFglDyVYt4Kqnz1AZaiKZ5+GICq0/1MH/mO/eAJHt/mHW1zjKBJd7kV26SrxddAhiw==",
        "dependencies": {
          "Microsoft.NETCore.Platforms": "1.1.0",
          "Microsoft.NETCore.Targets": "1.1.0"
        }
      },
      "System.Text.Encoding": {
        "type": "Transitive",
        "resolved": "4.3.0",
        "contentHash": "BiIg+KWaSDOITze6jGQynxg64naAPtqGHBwDrLaCtixsa5bKiR8dpPOHA7ge3C0JJQizJE+sfkz1wV+BAKAYZw==",
        "dependencies": {
          "Microsoft.NETCore.Platforms": "1.1.0",
          "Microsoft.NETCore.Targets": "1.1.0",
          "System.Runtime": "4.3.0"
        }
      },
      "System.Text.Encoding.CodePages": {
        "type": "Transitive",
        "resolved": "8.0.0",
        "contentHash": "OZIsVplFGaVY90G2SbpgU7EnCoOO5pw1t4ic21dBF3/1omrJFpAGoNAVpPyMVOC90/hvgkGG3VFqR13YgZMQfg=="
      },
      "System.Text.Encodings.Web": {
        "type": "Transitive",
        "resolved": "9.0.2",
        "contentHash": "/kCGdrXg0PXrvkHYyHubXJHcmCAvJrxTZ7g4XS6UCxY1JW79aMjtUW6UYNECHJmiyFZsZ/vUuWOM4CtNpiNt8Q=="
      },
      "System.Text.Json": {
        "type": "Transitive",
        "resolved": "9.0.2",
        "contentHash": "4TY2Yokh5Xp8XHFhsY9y84yokS7B0rhkaZCXuRiKppIiKwPVH4lVSFD9EEFzRpXdBM5ZeZXD43tc2vB6njEwwQ==",
        "dependencies": {
          "System.IO.Pipelines": "9.0.2",
          "System.Text.Encodings.Web": "9.0.2"
        }
      },
      "System.Threading": {
        "type": "Transitive",
        "resolved": "4.3.0",
        "contentHash": "VkUS0kOBcUf3Wwm0TSbrevDDZ6BlM+b/HRiapRFWjM5O0NS0LviG0glKmFK+hhPDd1XFeSdU1GmlLhb2CoVpIw==",
        "dependencies": {
          "System.Runtime": "4.3.0",
          "System.Threading.Tasks": "4.3.0"
        }
      },
      "System.Threading.Tasks": {
        "type": "Transitive",
        "resolved": "4.3.0",
        "contentHash": "LbSxKEdOUhVe8BezB/9uOGGppt+nZf6e1VFyw6v3DN6lqitm0OSn2uXMOdtP0M3W4iMcqcivm2J6UgqiwwnXiA==",
        "dependencies": {
          "Microsoft.NETCore.Platforms": "1.1.0",
          "Microsoft.NETCore.Targets": "1.1.0",
          "System.Runtime": "4.3.0"
        }
      },
      "System.ValueTuple": {
        "type": "Transitive",
        "resolved": "4.5.0",
        "contentHash": "okurQJO6NRE/apDIP23ajJ0hpiNmJ+f0BwOlB/cSqTLQlw5upkf+5+96+iG2Jw40G1fCVCyPz/FhIABUjMR+RQ=="
      },
      "Tmds.DBus.Protocol": {
        "type": "Transitive",
        "resolved": "0.21.3",
        "contentHash": "hDwB8WsQoyALQKqIbwzS68UKdlnafDm4T/DkO/JrA/YIneP/rKv96SxYPVXeh3FP4i/SXfShrYftKLtciJAIlw==",
        "dependencies": {
          "System.IO.Pipelines": "8.0.0"
        }
      },
      "Xaml.Behaviors": {
        "type": "Transitive",
        "resolved": "11.3.9.5",
        "contentHash": "j00Roim34d6TffOcwHY9dYNcOHE44lViIl5NVIYku3gtQdhFuWt5/uc5IFQtP7d3LK2aL9ZKiGEJDe6nfjx90A==",
        "dependencies": {
          "Avalonia": "11.3.9"
        }
      },
      "YamlDotNet": {
        "type": "Transitive",
        "resolved": "16.3.0",
        "contentHash": "SgMOdxbz8X65z8hraIs6hOEdnkH6hESTAIUa7viEngHOYaH+6q5XJmwr1+yb9vJpNQ19hCQY69xbFsLtXpobQA=="
      }
    }
  }
}