{
  "version": 1,
  "dependencies": {
    "net8.0": {
      "dotnetCampus.Ipc": {
        "type": "Direct",
        "requested": "[2.0.0-alpha410, )",
        "resolved": "2.0.0-alpha410",
        "contentHash": "cVG/L75/j3iA/qih3wDS9U3huea+hope6dDSxBbXN/U6xi03+slsLbehQePMGwBSeqtiU1Z+hoVTDr4ossqrFg==",
        "dependencies": {
          "Microsoft.CSharp": "4.7.0",
          "Newtonsoft.Json": "13.0.2",
          "System.ValueTuple": "4.5.0"
        }
      },
      "Microsoft.CSharp": {
        "type": "Transitive",
        "resolved": "4.7.0",
        "contentHash": "pTj+D3uJWyN3My70i2Hqo+OXixq3Os2D1nJ2x92FFo6sk8fYS1m1WLNTs0Dc1uPaViH0YvEEwvzddQ7y4rhXmA=="
      },
      "Newtonsoft.Json": {
        "type": "Transitive",
        "resolved": "13.0.2",
        "contentHash": "R2pZ3B0UjeyHShm9vG+Tu0EBb2lC8b0dFzV9gVn50ofHXh9Smjk6kTn7A/FdAsC8B5cKib1OnGYOXxRBz5XQDg=="
      },
      "System.ValueTuple": {
        "type": "Transitive",
        "resolved": "4.5.0",
        "contentHash": "okurQJO6NRE/apDIP23ajJ0hpiNmJ+f0BwOlB/cSqTLQlw5upkf+5+96+iG2Jw40G1fCVCyPz/FhIABUjMR+RQ=="
      }
    }
  }
}